
Microsoft Visual Studio Solution File, Format Version 12.00
# Visual Studio Version 17
VisualStudioVersion = 17.10.35122.118
MinimumVisualStudioVersion = 10.0.40219.1
Project("{9A19103F-16F7-4668-BE54-9A1E7A4F7556}") = "PROGPOEPART2ST10091991", "PROGPOEPART2ST10091991.csproj", "{A15FE623-893C-4F8C-8C1B-9586A18CB730}"
EndProject
Global
	GlobalSection(SolutionConfigurationPlatforms) = preSolution
		Debug|Any CPU = Debug|Any CPU
		Release|Any CPU = Release|Any CPU
	EndGlobalSection
	GlobalSection(ProjectConfigurationPlatforms) = postSolution
		{A15FE623-893C-4F8C-8C1B-9586A18CB730}.Debug|Any CPU.ActiveCfg = Debug|Any CPU
		{A15FE623-893C-4F8C-8C1B-9586A18CB730}.Debug|Any CPU.Build.0 = Debug|Any CPU
		{A15FE623-893C-4F8C-8C1B-9586A18CB730}.Debug|Any CPU.Deploy.0 = Debug|Any CPU
		{A15FE623-893C-4F8C-8C1B-9586A18CB730}.Release|Any CPU.ActiveCfg = Release|Any CPU
		{A15FE623-893C-4F8C-8C1B-9586A18CB730}.Release|Any CPU.Build.0 = Release|Any CPU
		{A15FE623-893C-4F8C-8C1B-9586A18CB730}.Release|Any CPU.Deploy.0 = Release|Any CPU
	EndGlobalSection
	GlobalSection(SolutionProperties) = preSolution
		HideSolutionNode = FALSE
	EndGlobalSection
	GlobalSection(ExtensibilityGlobals) = postSolution
		SolutionGuid = {8B492C3F-7021-4889-9D07-5ED7853537E5}
	EndGlobalSection
EndGlobal
