
Microsoft Visual Studio Solution File, Format Version 12.00
# Visual Studio Version 17
VisualStudioVersion = 17.9.34607.119
MinimumVisualStudioVersion = 10.0.40219.1
Project("{FAE04EC0-301F-11D3-BF4B-00C04F79EFBC}") = "ICE2ST10091991", "ICE2ST10091991.csproj", "{522F359E-4F49-4B3A-9251-D7C0EF184732}"
EndProject
Global
	GlobalSection(SolutionConfigurationPlatforms) = preSolution
		Debug|Any CPU = Debug|Any CPU
		Release|Any CPU = Release|Any CPU
	EndGlobalSection
	GlobalSection(ProjectConfigurationPlatforms) = postSolution
		{522F359E-4F49-4B3A-9251-D7C0EF184732}.Debug|Any CPU.ActiveCfg = Debug|Any CPU
		{522F359E-4F49-4B3A-9251-D7C0EF184732}.Debug|Any CPU.Build.0 = Debug|Any CPU
		{522F359E-4F49-4B3A-9251-D7C0EF184732}.Release|Any CPU.ActiveCfg = Release|Any CPU
		{522F359E-4F49-4B3A-9251-D7C0EF184732}.Release|Any CPU.Build.0 = Release|Any CPU
	EndGlobalSection
	GlobalSection(SolutionProperties) = preSolution
		HideSolutionNode = FALSE
	EndGlobalSection
	GlobalSection(ExtensibilityGlobals) = postSolution
		SolutionGuid = {E60B8B9D-7533-4009-8644-97943B6A639C}
	EndGlobalSection
EndGlobal
